// !$*UTF8*$!
{
	archiveVersion = 1;
	classes = {
	};
	objectVersion = 56;
	objects = {

/* Begin PBXBuildFile section */
		044175642C5AA30F00721009 /* AppDelegate.swift in Sources */ = {isa = PBXBuildFile; fileRef = 044175632C5AA30F00721009 /* AppDelegate.swift */; };
		044175662C5AA30F00721009 /* SceneDelegate.swift in Sources */ = {isa = PBXBuildFile; fileRef = 044175652C5AA30F00721009 /* SceneDelegate.swift */; };
		044175682C5AA30F00721009 /* HomeViewController.swift in Sources */ = {isa = PBXBuildFile; fileRef = 044175672C5AA30F00721009 /* HomeViewController.swift */; };
		0441756D2C5AA31200721009 /* Assets.xcassets in Resources */ = {isa = PBXBuildFile; fileRef = 0441756C2C5AA31200721009 /* Assets.xcassets */; };
		044175702C5AA31200721009 /* LaunchScreen.storyboard in Resources */ = {isa = PBXBuildFile; fileRef = 0441756E2C5AA31200721009 /* LaunchScreen.storyboard */; };
		044175792C5AAB0F00721009 /* Constants.swift in Sources */ = {isa = PBXBuildFile; fileRef = 044175782C5AAB0F00721009 /* Constants.swift */; };
		0441757D2C5AB0F200721009 /* MenuViewController.swift in Sources */ = {isa = PBXBuildFile; fileRef = 0441757C2C5AB0F200721009 /* MenuViewController.swift */; };
		044175802C5AD20500721009 /* task.swift in Sources */ = {isa = PBXBuildFile; fileRef = 0441757F2C5AD20500721009 /* task.swift */; };
		0442081A2C61395C00D030B2 /* TaskService.swift in Sources */ = {isa = PBXBuildFile; fileRef = 044208192C61395C00D030B2 /* TaskService.swift */; };
		0446B0252C5BE2F8008B1842 /* TasksTableViewHeader.swift in Sources */ = {isa = PBXBuildFile; fileRef = 0446B0242C5BE2F8008B1842 /* TasksTableViewHeader.swift */; };
		0446B0272C5BEB95008B1842 /* AddTaskViewController.swift in Sources */ = {isa = PBXBuildFile; fileRef = 0446B0262C5BEB95008B1842 /* AddTaskViewController.swift */; };
		04A2FB9B2C6286B000D427A9 /* db.json in Resources */ = {isa = PBXBuildFile; fileRef = 04A2FB9A2C6286B000D427A9 /* db.json */; };
/* End PBXBuildFile section */

/* Begin PBXFileReference section */
		044175602C5AA30F00721009 /* toDoApp.app */ = {isa = PBXFileReference; explicitFileType = wrapper.application; includeInIndex = 0; path = toDoApp.app; sourceTree = BUILT_PRODUCTS_DIR; };
		044175632C5AA30F00721009 /* AppDelegate.swift */ = {isa = PBXFileReference; lastKnownFileType = sourcecode.swift; path = AppDelegate.swift; sourceTree = "<group>"; };
		044175652C5AA30F00721009 /* SceneDelegate.swift */ = {isa = PBXFileReference; lastKnownFileType = sourcecode.swift; path = SceneDelegate.swift; sourceTree = "<group>"; };
		044175672C5AA30F00721009 /* HomeViewController.swift */ = {isa = PBXFileReference; lastKnownFileType = sourcecode.swift; path = HomeViewController.swift; sourceTree = "<group>"; };
		0441756C2C5AA31200721009 /* Assets.xcassets */ = {isa = PBXFileReference; lastKnownFileType = folder.assetcatalog; path = Assets.xcassets; sourceTree = "<group>"; };
		0441756F2C5AA31200721009 /* Base */ = {isa = PBXFileReference; lastKnownFileType = file.storyboard; name = Base; path = Base.lproj/LaunchScreen.storyboard; sourceTree = "<group>"; };
		044175712C5AA31200721009 /* Info.plist */ = {isa = PBXFileReference; lastKnownFileType = text.plist.xml; path = Info.plist; sourceTree = "<group>"; };
		044175782C5AAB0F00721009 /* Constants.swift */ = {isa = PBXFileReference; lastKnownFileType = sourcecode.swift; path = Constants.swift; sourceTree = "<group>"; };
		0441757C2C5AB0F200721009 /* MenuViewController.swift */ = {isa = PBXFileReference; lastKnownFileType = sourcecode.swift; path = MenuViewController.swift; sourceTree = "<group>"; };
		0441757F2C5AD20500721009 /* task.swift */ = {isa = PBXFileReference; lastKnownFileType = sourcecode.swift; path = task.swift; sourceTree = "<group>"; };
		044208192C61395C00D030B2 /* TaskService.swift */ = {isa = PBXFileReference; lastKnownFileType = sourcecode.swift; path = TaskService.swift; sourceTree = "<group>"; };
		0446B0242C5BE2F8008B1842 /* TasksTableViewHeader.swift */ = {isa = PBXFileReference; lastKnownFileType = sourcecode.swift; path = TasksTableViewHeader.swift; sourceTree = "<group>"; };
		0446B0262C5BEB95008B1842 /* AddTaskViewController.swift */ = {isa = PBXFileReference; lastKnownFileType = sourcecode.swift; path = AddTaskViewController.swift; sourceTree = "<group>"; };
		04A2FB9A2C6286B000D427A9 /* db.json */ = {isa = PBXFileReference; fileEncoding = 4; lastKnownFileType = text.json; path = db.json; sourceTree = "<group>"; };
/* End PBXFileReference section */

/* Begin PBXFrameworksBuildPhase section */
		0441755D2C5AA30F00721009 /* Frameworks */ = {
			isa = PBXFrameworksBuildPhase;
			buildActionMask = 2147483647;
			files = (
			);
			runOnlyForDeploymentPostprocessing = 0;
		};
/* End PBXFrameworksBuildPhase section */

/* Begin PBXGroup section */
		044175572C5AA30F00721009 = {
			isa = PBXGroup;
			children = (
				044175622C5AA30F00721009 /* toDoApp */,
				044175612C5AA30F00721009 /* Products */,
			);
			sourceTree = "<group>";
		};
		044175612C5AA30F00721009 /* Products */ = {
			isa = PBXGroup;
			children = (
				044175602C5AA30F00721009 /* toDoApp.app */,
			);
			name = Products;
			sourceTree = "<group>";
		};
		044175622C5AA30F00721009 /* toDoApp */ = {
			isa = PBXGroup;
			children = (
				044208182C61390B00D030B2 /* Data */,
				0441757A2C5AB0C700721009 /* View */,
				0441757E2C5ACE3000721009 /* Model */,
				0446B0232C5BE2CF008B1842 /* ViewControllers */,
				0441757B2C5AB0D500721009 /* AppSupport */,
				044175772C5AAAF800721009 /* Utils */,
				0441756C2C5AA31200721009 /* Assets.xcassets */,
				0441756E2C5AA31200721009 /* LaunchScreen.storyboard */,
				044175712C5AA31200721009 /* Info.plist */,
			);
			path = toDoApp;
			sourceTree = "<group>";
		};
		044175772C5AAAF800721009 /* Utils */ = {
			isa = PBXGroup;
			children = (
				044175782C5AAB0F00721009 /* Constants.swift */,
			);
			path = Utils;
			sourceTree = "<group>";
		};
		0441757A2C5AB0C700721009 /* View */ = {
			isa = PBXGroup;
			children = (
				0446B0242C5BE2F8008B1842 /* TasksTableViewHeader.swift */,
			);
			path = View;
			sourceTree = "<group>";
		};
		0441757B2C5AB0D500721009 /* AppSupport */ = {
			isa = PBXGroup;
			children = (
				044175632C5AA30F00721009 /* AppDelegate.swift */,
				044175652C5AA30F00721009 /* SceneDelegate.swift */,
			);
			path = AppSupport;
			sourceTree = "<group>";
		};
		0441757E2C5ACE3000721009 /* Model */ = {
			isa = PBXGroup;
			children = (
				0441757F2C5AD20500721009 /* task.swift */,
			);
			path = Model;
			sourceTree = "<group>";
		};
		044208182C61390B00D030B2 /* Data */ = {
			isa = PBXGroup;
			children = (
				04A2FB9A2C6286B000D427A9 /* db.json */,
				044208192C61395C00D030B2 /* TaskService.swift */,
			);
			path = Data;
			sourceTree = "<group>";
		};
		0446B0232C5BE2CF008B1842 /* ViewControllers */ = {
			isa = PBXGroup;
			children = (
				044175672C5AA30F00721009 /* HomeViewController.swift */,
				0441757C2C5AB0F200721009 /* MenuViewController.swift */,
				0446B0262C5BEB95008B1842 /* AddTaskViewController.swift */,
			);
			path = ViewControllers;
			sourceTree = "<group>";
		};
/* End PBXGroup section */

/* Begin PBXNativeTarget section */
		0441755F2C5AA30F00721009 /* toDoApp */ = {
			isa = PBXNativeTarget;
			buildConfigurationList = 044175742C5AA31200721009 /* Build configuration list for PBXNativeTarget "toDoApp" */;
			buildPhases = (
				0441755C2C5AA30F00721009 /* Sources */,
				0441755D2C5AA30F00721009 /* Frameworks */,
				0441755E2C5AA30F00721009 /* Resources */,
			);
			buildRules = (
			);
			dependencies = (
			);
			name = toDoApp;
			productName = toDoApp;
			productReference = 044175602C5AA30F00721009 /* toDoApp.app */;
			productType = "com.apple.product-type.application";
		};
/* End PBXNativeTarget section */

/* Begin PBXProject section */
		044175582C5AA30F00721009 /* Project object */ = {
			isa = PBXProject;
			attributes = {
				BuildIndependentTargetsInParallel = 1;
				LastSwiftUpdateCheck = 1500;
				LastUpgradeCheck = 1500;
				TargetAttributes = {
					0441755F2C5AA30F00721009 = {
						CreatedOnToolsVersion = 15.0.1;
					};
				};
			};
			buildConfigurationList = 0441755B2C5AA30F00721009 /* Build configuration list for PBXProject "toDoApp" */;
			compatibilityVersion = "Xcode 14.0";
			developmentRegion = en;
			hasScannedForEncodings = 0;
			knownRegions = (
				en,
				Base,
			);
			mainGroup = 044175572C5AA30F00721009;
			productRefGroup = 044175612C5AA30F00721009 /* Products */;
			projectDirPath = "";
			projectRoot = "";
			targets = (
				0441755F2C5AA30F00721009 /* toDoApp */,
			);
		};
/* End PBXProject section */

/* Begin PBXResourcesBuildPhase section */
		0441755E2C5AA30F00721009 /* Resources */ = {
			isa = PBXResourcesBuildPhase;
			buildActionMask = 2147483647;
			files = (
				04A2FB9B2C6286B000D427A9 /* db.json in Resources */,
				044175702C5AA31200721009 /* LaunchScreen.storyboard in Resources */,
				0441756D2C5AA31200721009 /* Assets.xcassets in Resources */,
			);
			runOnlyForDeploymentPostprocessing = 0;
		};
/* End PBXResourcesBuildPhase section */

/* Begin PBXSourcesBuildPhase section */
		0441755C2C5AA30F00721009 /* Sources */ = {
			isa = PBXSourcesBuildPhase;
			buildActionMask = 2147483647;
			files = (
				044175682C5AA30F00721009 /* HomeViewController.swift in Sources */,
				0446B0272C5BEB95008B1842 /* AddTaskViewController.swift in Sources */,
				0442081A2C61395C00D030B2 /* TaskService.swift in Sources */,
				0441757D2C5AB0F200721009 /* MenuViewController.swift in Sources */,
				044175642C5AA30F00721009 /* AppDelegate.swift in Sources */,
				044175662C5AA30F00721009 /* SceneDelegate.swift in Sources */,
				0446B0252C5BE2F8008B1842 /* TasksTableViewHeader.swift in Sources */,
				044175802C5AD20500721009 /* task.swift in Sources */,
				044175792C5AAB0F00721009 /* Constants.swift in Sources */,
			);
			runOnlyForDeploymentPostprocessing = 0;
		};
/* End PBXSourcesBuildPhase section */

/* Begin PBXVariantGroup section */
		0441756E2C5AA31200721009 /* LaunchScreen.storyboard */ = {
			isa = PBXVariantGroup;
			children = (
				0441756F2C5AA31200721009 /* Base */,
			);
			name = LaunchScreen.storyboard;
			sourceTree = "<group>";
		};
/* End PBXVariantGroup section */

/* Begin XCBuildConfiguration section */
		044175722C5AA31200721009 /* Debug */ = {
			isa = XCBuildConfiguration;
			buildSettings = {
				ALWAYS_SEARCH_USER_PATHS = NO;
				ASSETCATALOG_COMPILER_GENERATE_SWIFT_ASSET_SYMBOL_EXTENSIONS = YES;
				CLANG_ANALYZER_NONNULL = YES;
				CLANG_ANALYZER_NUMBER_OBJECT_CONVERSION = YES_AGGRESSIVE;
				CLANG_CXX_LANGUAGE_STANDARD = "gnu++20";
				CLANG_ENABLE_MODULES = YES;
				CLANG_ENABLE_OBJC_ARC = YES;
				CLANG_ENABLE_OBJC_WEAK = YES;
				CLANG_WARN_BLOCK_CAPTURE_AUTORELEASING = YES;
				CLANG_WARN_BOOL_CONVERSION = YES;
				CLANG_WARN_COMMA = YES;
				CLANG_WARN_CONSTANT_CONVERSION = YES;
				CLANG_WARN_DEPRECATED_OBJC_IMPLEMENTATIONS = YES;
				CLANG_WARN_DIRECT_OBJC_ISA_USAGE = YES_ERROR;
				CLANG_WARN_DOCUMENTATION_COMMENTS = YES;
				CLANG_WARN_EMPTY_BODY = YES;
				CLANG_WARN_ENUM_CONVERSION = YES;
				CLANG_WARN_INFINITE_RECURSION = YES;
				CLANG_WARN_INT_CONVERSION = YES;
				CLANG_WARN_NON_LITERAL_NULL_CONVERSION = YES;
				CLANG_WARN_OBJC_IMPLICIT_RETAIN_SELF = YES;
				CLANG_WARN_OBJC_LITERAL_CONVERSION = YES;
				CLANG_WARN_OBJC_ROOT_CLASS = YES_ERROR;
				CLANG_WARN_QUOTED_INCLUDE_IN_FRAMEWORK_HEADER = YES;
				CLANG_WARN_RANGE_LOOP_ANALYSIS = YES;
				CLANG_WARN_STRICT_PROTOTYPES = YES;
				CLANG_WARN_SUSPICIOUS_MOVE = YES;
				CLANG_WARN_UNGUARDED_AVAILABILITY = YES_AGGRESSIVE;
				CLANG_WARN_UNREACHABLE_CODE = YES;
				CLANG_WARN__DUPLICATE_METHOD_MATCH = YES;
				COPY_PHASE_STRIP = NO;
				DEBUG_INFORMATION_FORMAT = dwarf;
				ENABLE_STRICT_OBJC_MSGSEND = YES;
				ENABLE_TESTABILITY = YES;
				ENABLE_USER_SCRIPT_SANDBOXING = YES;
				GCC_C_LANGUAGE_STANDARD = gnu17;
				GCC_DYNAMIC_NO_PIC = NO;
				GCC_NO_COMMON_BLOCKS = YES;
				GCC_OPTIMIZATION_LEVEL = 0;
				GCC_PREPROCESSOR_DEFINITIONS = (
					"DEBUG=1",
					"$(inherited)",
				);
				GCC_WARN_64_TO_32_BIT_CONVERSION = YES;
				GCC_WARN_ABOUT_RETURN_TYPE = YES_ERROR;
				GCC_WARN_UNDECLARED_SELECTOR = YES;
				GCC_WARN_UNINITIALIZED_AUTOS = YES_AGGRESSIVE;
				GCC_WARN_UNUSED_FUNCTION = YES;
				GCC_WARN_UNUSED_VARIABLE = YES;
				IPHONEOS_DEPLOYMENT_TARGET = 17.0;
				LOCALIZATION_PREFERS_STRING_CATALOGS = YES;
				MTL_ENABLE_DEBUG_INFO = INCLUDE_SOURCE;
				MTL_FAST_MATH = YES;
				ONLY_ACTIVE_ARCH = YES;
				SDKROOT = iphoneos;
				SWIFT_ACTIVE_COMPILATION_CONDITIONS = "DEBUG $(inherited)";
				SWIFT_OPTIMIZATION_LEVEL = "-Onone";
			};
			name = Debug;
		};
		044175732C5AA31200721009 /* Release */ = {
			isa = XCBuildConfiguration;
			buildSettings = {
				ALWAYS_SEARCH_USER_PATHS = NO;
				ASSETCATALOG_COMPILER_GENERATE_SWIFT_ASSET_SYMBOL_EXTENSIONS = YES;
				CLANG_ANALYZER_NONNULL = YES;
				CLANG_ANALYZER_NUMBER_OBJECT_CONVERSION = YES_AGGRESSIVE;
				CLANG_CXX_LANGUAGE_STANDARD = "gnu++20";
				CLANG_ENABLE_MODULES = YES;
				CLANG_ENABLE_OBJC_ARC = YES;
				CLANG_ENABLE_OBJC_WEAK = YES;
				CLANG_WARN_BLOCK_CAPTURE_AUTORELEASING = YES;
				CLANG_WARN_BOOL_CONVERSION = YES;
				CLANG_WARN_COMMA = YES;
				CLANG_WARN_CONSTANT_CONVERSION = YES;
				CLANG_WARN_DEPRECATED_OBJC_IMPLEMENTATIONS = YES;
				CLANG_WARN_DIRECT_OBJC_ISA_USAGE = YES_ERROR;
				CLANG_WARN_DOCUMENTATION_COMMENTS = YES;
				CLANG_WARN_EMPTY_BODY = YES;
				CLANG_WARN_ENUM_CONVERSION = YES;
				CLANG_WARN_INFINITE_RECURSION = YES;
				CLANG_WARN_INT_CONVERSION = YES;
				CLANG_WARN_NON_LITERAL_NULL_CONVERSION = YES;
				CLANG_WARN_OBJC_IMPLICIT_RETAIN_SELF = YES;
				CLANG_WARN_OBJC_LITERAL_CONVERSION = YES;
				CLANG_WARN_OBJC_ROOT_CLASS = YES_ERROR;
				CLANG_WARN_QUOTED_INCLUDE_IN_FRAMEWORK_HEADER = YES;
				CLANG_WARN_RANGE_LOOP_ANALYSIS = YES;
				CLANG_WARN_STRICT_PROTOTYPES = YES;
				CLANG_WARN_SUSPICIOUS_MOVE = YES;
				CLANG_WARN_UNGUARDED_AVAILABILITY = YES_AGGRESSIVE;
				CLANG_WARN_UNREACHABLE_CODE = YES;
				CLANG_WARN__DUPLICATE_METHOD_MATCH = YES;
				COPY_PHASE_STRIP = NO;
				DEBUG_INFORMATION_FORMAT = "dwarf-with-dsym";
				ENABLE_NS_ASSERTIONS = NO;
				ENABLE_STRICT_OBJC_MSGSEND = YES;
				ENABLE_USER_SCRIPT_SANDBOXING = YES;
				GCC_C_LANGUAGE_STANDARD = gnu17;
				GCC_NO_COMMON_BLOCKS = YES;
				GCC_WARN_64_TO_32_BIT_CONVERSION = YES;
				GCC_WARN_ABOUT_RETURN_TYPE = YES_ERROR;
				GCC_WARN_UNDECLARED_SELECTOR = YES;
				GCC_WARN_UNINITIALIZED_AUTOS = YES_AGGRESSIVE;
				GCC_WARN_UNUSED_FUNCTION = YES;
				GCC_WARN_UNUSED_VARIABLE = YES;
				IPHONEOS_DEPLOYMENT_TARGET = 17.0;
				LOCALIZATION_PREFERS_STRING_CATALOGS = YES;
				MTL_ENABLE_DEBUG_INFO = NO;
				MTL_FAST_MATH = YES;
				SDKROOT = iphoneos;
				SWIFT_COMPILATION_MODE = wholemodule;
				VALIDATE_PRODUCT = YES;
			};
			name = Release;
		};
		044175752C5AA31200721009 /* Debug */ = {
			isa = XCBuildConfiguration;
			buildSettings = {
				ASSETCATALOG_COMPILER_APPICON_NAME = AppIcon;
				ASSETCATALOG_COMPILER_GLOBAL_ACCENT_COLOR_NAME = AccentColor;
				CODE_SIGN_STYLE = Automatic;
				CURRENT_PROJECT_VERSION = 1;
				GENERATE_INFOPLIST_FILE = YES;
				INFOPLIST_FILE = toDoApp/Info.plist;
				INFOPLIST_KEY_UIApplicationSupportsIndirectInputEvents = YES;
				INFOPLIST_KEY_UILaunchStoryboardName = LaunchScreen;
				INFOPLIST_KEY_UISupportedInterfaceOrientations_iPad = "UIInterfaceOrientationPortrait UIInterfaceOrientationPortraitUpsideDown UIInterfaceOrientationLandscapeLeft UIInterfaceOrientationLandscapeRight";
				INFOPLIST_KEY_UISupportedInterfaceOrientations_iPhone = "UIInterfaceOrientationPortrait UIInterfaceOrientationLandscapeLeft UIInterfaceOrientationLandscapeRight";
				LD_RUNPATH_SEARCH_PATHS = (
					"$(inherited)",
					"@executable_path/Frameworks",
				);
				MARKETING_VERSION = 1.0;
				PRODUCT_BUNDLE_IDENTIFIER = com.toDoApp;
				PRODUCT_NAME = "$(TARGET_NAME)";
				SWIFT_EMIT_LOC_STRINGS = YES;
				SWIFT_VERSION = 5.0;
				TARGETED_DEVICE_FAMILY = "1,2";
			};
			name = Debug;
		};
		044175762C5AA31200721009 /* Release */ = {
			isa = XCBuildConfiguration;
			buildSettings = {
				ASSETCATALOG_COMPILER_APPICON_NAME = AppIcon;
				ASSETCATALOG_COMPILER_GLOBAL_ACCENT_COLOR_NAME = AccentColor;
				CODE_SIGN_STYLE = Automatic;
				CURRENT_PROJECT_VERSION = 1;
				GENERATE_INFOPLIST_FILE = YES;
				INFOPLIST_FILE = toDoApp/Info.plist;
				INFOPLIST_KEY_UIApplicationSupportsIndirectInputEvents = YES;
				INFOPLIST_KEY_UILaunchStoryboardName = LaunchScreen;
				INFOPLIST_KEY_UISupportedInterfaceOrientations_iPad = "UIInterfaceOrientationPortrait UIInterfaceOrientationPortraitUpsideDown UIInterfaceOrientationLandscapeLeft UIInterfaceOrientationLandscapeRight";
				INFOPLIST_KEY_UISupportedInterfaceOrientations_iPhone = "UIInterfaceOrientationPortrait UIInterfaceOrientationLandscapeLeft UIInterfaceOrientationLandscapeRight";
				LD_RUNPATH_SEARCH_PATHS = (
					"$(inherited)",
					"@executable_path/Frameworks",
				);
				MARKETING_VERSION = 1.0;
				PRODUCT_BUNDLE_IDENTIFIER = com.toDoApp;
				PRODUCT_NAME = "$(TARGET_NAME)";
				SWIFT_EMIT_LOC_STRINGS = YES;
				SWIFT_VERSION = 5.0;
				TARGETED_DEVICE_FAMILY = "1,2";
			};
			name = Release;
		};
/* End XCBuildConfiguration section */

/* Begin XCConfigurationList section */
		0441755B2C5AA30F00721009 /* Build configuration list for PBXProject "toDoApp" */ = {
			isa = XCConfigurationList;
			buildConfigurations = (
				044175722C5AA31200721009 /* Debug */,
				044175732C5AA31200721009 /* Release */,
			);
			defaultConfigurationIsVisible = 0;
			defaultConfigurationName = Release;
		};
		044175742C5AA31200721009 /* Build configuration list for PBXNativeTarget "toDoApp" */ = {
			isa = XCConfigurationList;
			buildConfigurations = (
				044175752C5AA31200721009 /* Debug */,
				044175762C5AA31200721009 /* Release */,
			);
			defaultConfigurationIsVisible = 0;
			defaultConfigurationName = Release;
		};
/* End XCConfigurationList section */
	};
	rootObject = 044175582C5AA30F00721009 /* Project object */;
}
